
Microsoft Visual Studio Solution File, Format Version 12.00
# Visual Studio Version 17
VisualStudioVersion = 17.6.33815.320
MinimumVisualStudioVersion = 10.0.40219.1
Project("{FAE04EC0-301F-11D3-BF4B-00C04F79EFBC}") = "Exercise_2D_Arrays", "Exercise_2D_Arrays\Exercise_2D_Arrays.csproj", "{2DD2125C-8042-46F7-AFA5-E2225AF3825C}"
EndProject
Global
	GlobalSection(SolutionConfigurationPlatforms) = preSolution
		Debug|Any CPU = Debug|Any CPU
		Release|Any CPU = Release|Any CPU
	EndGlobalSection
	GlobalSection(ProjectConfigurationPlatforms) = postSolution
		{2DD2125C-8042-46F7-AFA5-E2225AF3825C}.Debug|Any CPU.ActiveCfg = Debug|Any CPU
		{2DD2125C-8042-46F7-AFA5-E2225AF3825C}.Debug|Any CPU.Build.0 = Debug|Any CPU
		{2DD2125C-8042-46F7-AFA5-E2225AF3825C}.Release|Any CPU.ActiveCfg = Release|Any CPU
		{2DD2125C-8042-46F7-AFA5-E2225AF3825C}.Release|Any CPU.Build.0 = Release|Any CPU
	EndGlobalSection
	GlobalSection(SolutionProperties) = preSolution
		HideSolutionNode = FALSE
	EndGlobalSection
	GlobalSection(ExtensibilityGlobals) = postSolution
		SolutionGuid = {1722882F-5D84-4A24-95E3-89DA3D38EF87}
	EndGlobalSection
EndGlobal
